
Microsoft Visual Studio Solution File, Format Version 12.00
# Visual Studio 14
VisualStudioVersion = 14.0.23107.0
MinimumVisualStudioVersion = 10.0.40219.1
Project("{FAE04EC0-301F-11D3-BF4B-00C04F79EFBC}") = "Adapter", "Adapter\Adapter.csproj", "{7264DC0D-AB9F-41C4-9AE9-075F5DF3BD0A}"
EndProject
Project("{FAE04EC0-301F-11D3-BF4B-00C04F79EFBC}") = "ChainOfResposibility", "ChainOfResposibility\ChainOfResposibility.csproj", "{C649F318-725D-4946-AFEB-357E7E38223B}"
EndProject
Project("{FAE04EC0-301F-11D3-BF4B-00C04F79EFBC}") = "Command", "Command\Command.csproj", "{292498A5-35CB-4976-B1F2-E6DD8872B4E8}"
EndProject
Project("{FAE04EC0-301F-11D3-BF4B-00C04F79EFBC}") = "Composite", "Composite\Composite.csproj", "{DB5FAB4B-2A36-4632-A17C-D71CEF5A490A}"
EndProject
Project("{FAE04EC0-301F-11D3-BF4B-00C04F79EFBC}") = "AdapterGenomgång", "AdapterGenomgång\AdapterGenomgång.csproj", "{ECFD72AA-D437-4308-B43A-4CD53814A8E0}"
EndProject
Project("{FAE04EC0-301F-11D3-BF4B-00C04F79EFBC}") = "DekoratorGenomgång", "DekoratorGenomgång\DekoratorGenomgång.csproj", "{A2530294-5890-4BB7-A8F7-DC3E9E1E1155}"
EndProject
Project("{FAE04EC0-301F-11D3-BF4B-00C04F79EFBC}") = "CompositeGenomgång", "CompositeGenomgång\CompositeGenomgång.csproj", "{D6C12EE9-F28E-4726-A4AE-88BA4AE252F4}"
EndProject
Project("{2150E333-8FDC-42A3-9474-1A3956D46DE8}") = "Facade", "Facade", "{48C94724-B5D8-4F55-BF27-4D27EF1C2A45}"
EndProject
Project("{FAE04EC0-301F-11D3-BF4B-00C04F79EFBC}") = "FacadeGenomgång", "FacadeGenomgång\FacadeGenomgång.csproj", "{00D1C52F-220A-41CF-B8CF-8B404B9889E1}"
EndProject
Project("{2150E333-8FDC-42A3-9474-1A3956D46DE8}") = "Flyweight", "Flyweight", "{DF9F0CF0-4E94-4B77-B4BB-EAB2A971C5CB}"
EndProject
Project("{FAE04EC0-301F-11D3-BF4B-00C04F79EFBC}") = "FlyweightGenomgång", "FlyweightGenomgång\FlyweightGenomgång.csproj", "{603AEBC6-4998-4939-8AF1-2C5F26DF4E4A}"
EndProject
Project("{FAE04EC0-301F-11D3-BF4B-00C04F79EFBC}") = "FlyweightTräning", "FlyweightTräning\FlyweightTräning.csproj", "{AF34EE3F-EE43-480F-A887-912EB97C31D8}"
EndProject
Project("{2150E333-8FDC-42A3-9474-1A3956D46DE8}") = "Proxy", "Proxy", "{A0B00897-4710-46FB-B6F8-B78BEECEF378}"
EndProject
Project("{FAE04EC0-301F-11D3-BF4B-00C04F79EFBC}") = "WcfWeatherService", "WcfWeatherService\WcfWeatherService.csproj", "{2177436A-CBE1-49F5-B46E-B7A3015412D0}"
EndProject
Project("{FAE04EC0-301F-11D3-BF4B-00C04F79EFBC}") = "WeatherClient", "WeatherClient\WeatherClient.csproj", "{05842513-29AF-4EBA-8A9B-2B81703D7BD5}"
	ProjectSection(ProjectDependencies) = postProject
		{2177436A-CBE1-49F5-B46E-B7A3015412D0} = {2177436A-CBE1-49F5-B46E-B7A3015412D0}
	EndProjectSection
EndProject
Project("{FAE04EC0-301F-11D3-BF4B-00C04F79EFBC}") = "Proxy", "Proxy\Proxy.csproj", "{B55B5E03-1098-494B-888F-9066ABCB7305}"
EndProject
Project("{2150E333-8FDC-42A3-9474-1A3956D46DE8}") = "Proxy2", "Proxy2", "{FDEC279B-3A06-4612-B155-F90BC33DE124}"
EndProject
Project("{FAE04EC0-301F-11D3-BF4B-00C04F79EFBC}") = "ProxyGenomgång", "ProxyGenomgång\ProxyGenomgång.csproj", "{D07F2B0F-27D0-4061-AABC-D4E3B2FCE2F7}"
EndProject
Project("{FAE04EC0-301F-11D3-BF4B-00C04F79EFBC}") = "ProxyÖvning", "ProxyÖvning\ProxyÖvning.csproj", "{E8DEFA34-F6DE-4124-9AE3-951222A0E7D6}"
EndProject
Project("{FAE04EC0-301F-11D3-BF4B-00C04F79EFBC}") = "ProxyÖvningLösning", "ProxyÖvningLösning\ProxyÖvningLösning.csproj", "{C30E86DD-9E84-41AA-96B1-992B70ACF2A6}"
EndProject
Project("{FAE04EC0-301F-11D3-BF4B-00C04F79EFBC}") = "ChainOfResposibilityGenomgång", "ChainOfResposibilityGenomgång\ChainOfResposibilityGenomgång.csproj", "{5A222E26-314B-4580-969B-40D2E81D4FD9}"
EndProject
Project("{FAE04EC0-301F-11D3-BF4B-00C04F79EFBC}") = "CommandGenomgång", "CommandGenomgång\CommandGenomgång.csproj", "{1E7FF54A-D8A6-406E-AD6A-ED9E9D76E1FA}"
EndProject
Project("{2150E333-8FDC-42A3-9474-1A3956D46DE8}") = "Observer", "Observer", "{CD4C3382-754E-4FD3-B819-152CFA105299}"
EndProject
Project("{FAE04EC0-301F-11D3-BF4B-00C04F79EFBC}") = "ObserverVideo", "Observer\ObserverVideo.csproj", "{B9493751-4D4A-4419-B1EE-A9DDE7A7D26A}"
EndProject
Project("{2150E333-8FDC-42A3-9474-1A3956D46DE8}") = "Mediator", "Mediator", "{2ECFF6F1-FF17-41EF-9E68-EA30761D18CC}"
EndProject
Project("{FAE04EC0-301F-11D3-BF4B-00C04F79EFBC}") = "MediatorVideo", "MediatorVideo\MediatorVideo.csproj", "{7F849CD5-AD7F-476E-BC07-54381111CD7E}"
EndProject
Project("{2150E333-8FDC-42A3-9474-1A3956D46DE8}") = "Mediator", "Mediator", "{21581B92-53D7-4A54-9160-44D052F4170F}"
EndProject
Project("{FAE04EC0-301F-11D3-BF4B-00C04F79EFBC}") = "MediatorLib", "MediatorLib\MediatorLib.csproj", "{704DD9D1-B6F4-4CAB-B34C-E134692E5F7D}"
EndProject
Project("{FAE04EC0-301F-11D3-BF4B-00C04F79EFBC}") = "MediatorTests", "MediatorTests\MediatorTests.csproj", "{CBD4F70A-E684-4F9B-A596-A118414B288F}"
EndProject
Global
	GlobalSection(SolutionConfigurationPlatforms) = preSolution
		Debug|Any CPU = Debug|Any CPU
		Release|Any CPU = Release|Any CPU
	EndGlobalSection
	GlobalSection(ProjectConfigurationPlatforms) = postSolution
		{7264DC0D-AB9F-41C4-9AE9-075F5DF3BD0A}.Debug|Any CPU.ActiveCfg = Debug|Any CPU
		{7264DC0D-AB9F-41C4-9AE9-075F5DF3BD0A}.Debug|Any CPU.Build.0 = Debug|Any CPU
		{7264DC0D-AB9F-41C4-9AE9-075F5DF3BD0A}.Release|Any CPU.ActiveCfg = Release|Any CPU
		{7264DC0D-AB9F-41C4-9AE9-075F5DF3BD0A}.Release|Any CPU.Build.0 = Release|Any CPU
		{C649F318-725D-4946-AFEB-357E7E38223B}.Debug|Any CPU.ActiveCfg = Debug|Any CPU
		{C649F318-725D-4946-AFEB-357E7E38223B}.Debug|Any CPU.Build.0 = Debug|Any CPU
		{C649F318-725D-4946-AFEB-357E7E38223B}.Release|Any CPU.ActiveCfg = Release|Any CPU
		{C649F318-725D-4946-AFEB-357E7E38223B}.Release|Any CPU.Build.0 = Release|Any CPU
		{292498A5-35CB-4976-B1F2-E6DD8872B4E8}.Debug|Any CPU.ActiveCfg = Debug|Any CPU
		{292498A5-35CB-4976-B1F2-E6DD8872B4E8}.Debug|Any CPU.Build.0 = Debug|Any CPU
		{292498A5-35CB-4976-B1F2-E6DD8872B4E8}.Release|Any CPU.ActiveCfg = Release|Any CPU
		{292498A5-35CB-4976-B1F2-E6DD8872B4E8}.Release|Any CPU.Build.0 = Release|Any CPU
		{DB5FAB4B-2A36-4632-A17C-D71CEF5A490A}.Debug|Any CPU.ActiveCfg = Debug|Any CPU
		{DB5FAB4B-2A36-4632-A17C-D71CEF5A490A}.Debug|Any CPU.Build.0 = Debug|Any CPU
		{DB5FAB4B-2A36-4632-A17C-D71CEF5A490A}.Release|Any CPU.ActiveCfg = Release|Any CPU
		{DB5FAB4B-2A36-4632-A17C-D71CEF5A490A}.Release|Any CPU.Build.0 = Release|Any CPU
		{ECFD72AA-D437-4308-B43A-4CD53814A8E0}.Debug|Any CPU.ActiveCfg = Debug|Any CPU
		{ECFD72AA-D437-4308-B43A-4CD53814A8E0}.Debug|Any CPU.Build.0 = Debug|Any CPU
		{ECFD72AA-D437-4308-B43A-4CD53814A8E0}.Release|Any CPU.ActiveCfg = Release|Any CPU
		{ECFD72AA-D437-4308-B43A-4CD53814A8E0}.Release|Any CPU.Build.0 = Release|Any CPU
		{A2530294-5890-4BB7-A8F7-DC3E9E1E1155}.Debug|Any CPU.ActiveCfg = Debug|Any CPU
		{A2530294-5890-4BB7-A8F7-DC3E9E1E1155}.Debug|Any CPU.Build.0 = Debug|Any CPU
		{A2530294-5890-4BB7-A8F7-DC3E9E1E1155}.Release|Any CPU.ActiveCfg = Release|Any CPU
		{A2530294-5890-4BB7-A8F7-DC3E9E1E1155}.Release|Any CPU.Build.0 = Release|Any CPU
		{D6C12EE9-F28E-4726-A4AE-88BA4AE252F4}.Debug|Any CPU.ActiveCfg = Debug|Any CPU
		{D6C12EE9-F28E-4726-A4AE-88BA4AE252F4}.Debug|Any CPU.Build.0 = Debug|Any CPU
		{D6C12EE9-F28E-4726-A4AE-88BA4AE252F4}.Release|Any CPU.ActiveCfg = Release|Any CPU
		{D6C12EE9-F28E-4726-A4AE-88BA4AE252F4}.Release|Any CPU.Build.0 = Release|Any CPU
		{00D1C52F-220A-41CF-B8CF-8B404B9889E1}.Debug|Any CPU.ActiveCfg = Debug|Any CPU
		{00D1C52F-220A-41CF-B8CF-8B404B9889E1}.Debug|Any CPU.Build.0 = Debug|Any CPU
		{00D1C52F-220A-41CF-B8CF-8B404B9889E1}.Release|Any CPU.ActiveCfg = Release|Any CPU
		{00D1C52F-220A-41CF-B8CF-8B404B9889E1}.Release|Any CPU.Build.0 = Release|Any CPU
		{603AEBC6-4998-4939-8AF1-2C5F26DF4E4A}.Debug|Any CPU.ActiveCfg = Debug|Any CPU
		{603AEBC6-4998-4939-8AF1-2C5F26DF4E4A}.Debug|Any CPU.Build.0 = Debug|Any CPU
		{603AEBC6-4998-4939-8AF1-2C5F26DF4E4A}.Release|Any CPU.ActiveCfg = Release|Any CPU
		{603AEBC6-4998-4939-8AF1-2C5F26DF4E4A}.Release|Any CPU.Build.0 = Release|Any CPU
		{AF34EE3F-EE43-480F-A887-912EB97C31D8}.Debug|Any CPU.ActiveCfg = Debug|Any CPU
		{AF34EE3F-EE43-480F-A887-912EB97C31D8}.Debug|Any CPU.Build.0 = Debug|Any CPU
		{AF34EE3F-EE43-480F-A887-912EB97C31D8}.Release|Any CPU.ActiveCfg = Release|Any CPU
		{AF34EE3F-EE43-480F-A887-912EB97C31D8}.Release|Any CPU.Build.0 = Release|Any CPU
		{2177436A-CBE1-49F5-B46E-B7A3015412D0}.Debug|Any CPU.ActiveCfg = Debug|Any CPU
		{2177436A-CBE1-49F5-B46E-B7A3015412D0}.Debug|Any CPU.Build.0 = Debug|Any CPU
		{2177436A-CBE1-49F5-B46E-B7A3015412D0}.Release|Any CPU.ActiveCfg = Release|Any CPU
		{2177436A-CBE1-49F5-B46E-B7A3015412D0}.Release|Any CPU.Build.0 = Release|Any CPU
		{05842513-29AF-4EBA-8A9B-2B81703D7BD5}.Debug|Any CPU.ActiveCfg = Debug|Any CPU
		{05842513-29AF-4EBA-8A9B-2B81703D7BD5}.Debug|Any CPU.Build.0 = Debug|Any CPU
		{05842513-29AF-4EBA-8A9B-2B81703D7BD5}.Release|Any CPU.ActiveCfg = Release|Any CPU
		{05842513-29AF-4EBA-8A9B-2B81703D7BD5}.Release|Any CPU.Build.0 = Release|Any CPU
		{B55B5E03-1098-494B-888F-9066ABCB7305}.Debug|Any CPU.ActiveCfg = Debug|Any CPU
		{B55B5E03-1098-494B-888F-9066ABCB7305}.Debug|Any CPU.Build.0 = Debug|Any CPU
		{B55B5E03-1098-494B-888F-9066ABCB7305}.Release|Any CPU.ActiveCfg = Release|Any CPU
		{B55B5E03-1098-494B-888F-9066ABCB7305}.Release|Any CPU.Build.0 = Release|Any CPU
		{D07F2B0F-27D0-4061-AABC-D4E3B2FCE2F7}.Debug|Any CPU.ActiveCfg = Debug|Any CPU
		{D07F2B0F-27D0-4061-AABC-D4E3B2FCE2F7}.Debug|Any CPU.Build.0 = Debug|Any CPU
		{D07F2B0F-27D0-4061-AABC-D4E3B2FCE2F7}.Release|Any CPU.ActiveCfg = Release|Any CPU
		{D07F2B0F-27D0-4061-AABC-D4E3B2FCE2F7}.Release|Any CPU.Build.0 = Release|Any CPU
		{E8DEFA34-F6DE-4124-9AE3-951222A0E7D6}.Debug|Any CPU.ActiveCfg = Debug|Any CPU
		{E8DEFA34-F6DE-4124-9AE3-951222A0E7D6}.Debug|Any CPU.Build.0 = Debug|Any CPU
		{E8DEFA34-F6DE-4124-9AE3-951222A0E7D6}.Release|Any CPU.ActiveCfg = Release|Any CPU
		{E8DEFA34-F6DE-4124-9AE3-951222A0E7D6}.Release|Any CPU.Build.0 = Release|Any CPU
		{C30E86DD-9E84-41AA-96B1-992B70ACF2A6}.Debug|Any CPU.ActiveCfg = Debug|Any CPU
		{C30E86DD-9E84-41AA-96B1-992B70ACF2A6}.Debug|Any CPU.Build.0 = Debug|Any CPU
		{C30E86DD-9E84-41AA-96B1-992B70ACF2A6}.Release|Any CPU.ActiveCfg = Release|Any CPU
		{C30E86DD-9E84-41AA-96B1-992B70ACF2A6}.Release|Any CPU.Build.0 = Release|Any CPU
		{5A222E26-314B-4580-969B-40D2E81D4FD9}.Debug|Any CPU.ActiveCfg = Debug|Any CPU
		{5A222E26-314B-4580-969B-40D2E81D4FD9}.Debug|Any CPU.Build.0 = Debug|Any CPU
		{5A222E26-314B-4580-969B-40D2E81D4FD9}.Release|Any CPU.ActiveCfg = Release|Any CPU
		{5A222E26-314B-4580-969B-40D2E81D4FD9}.Release|Any CPU.Build.0 = Release|Any CPU
		{1E7FF54A-D8A6-406E-AD6A-ED9E9D76E1FA}.Debug|Any CPU.ActiveCfg = Debug|Any CPU
		{1E7FF54A-D8A6-406E-AD6A-ED9E9D76E1FA}.Debug|Any CPU.Build.0 = Debug|Any CPU
		{1E7FF54A-D8A6-406E-AD6A-ED9E9D76E1FA}.Release|Any CPU.ActiveCfg = Release|Any CPU
		{1E7FF54A-D8A6-406E-AD6A-ED9E9D76E1FA}.Release|Any CPU.Build.0 = Release|Any CPU
		{B9493751-4D4A-4419-B1EE-A9DDE7A7D26A}.Debug|Any CPU.ActiveCfg = Debug|Any CPU
		{B9493751-4D4A-4419-B1EE-A9DDE7A7D26A}.Debug|Any CPU.Build.0 = Debug|Any CPU
		{B9493751-4D4A-4419-B1EE-A9DDE7A7D26A}.Release|Any CPU.ActiveCfg = Release|Any CPU
		{B9493751-4D4A-4419-B1EE-A9DDE7A7D26A}.Release|Any CPU.Build.0 = Release|Any CPU
		{7F849CD5-AD7F-476E-BC07-54381111CD7E}.Debug|Any CPU.ActiveCfg = Debug|Any CPU
		{7F849CD5-AD7F-476E-BC07-54381111CD7E}.Debug|Any CPU.Build.0 = Debug|Any CPU
		{7F849CD5-AD7F-476E-BC07-54381111CD7E}.Release|Any CPU.ActiveCfg = Release|Any CPU
		{7F849CD5-AD7F-476E-BC07-54381111CD7E}.Release|Any CPU.Build.0 = Release|Any CPU
		{704DD9D1-B6F4-4CAB-B34C-E134692E5F7D}.Debug|Any CPU.ActiveCfg = Debug|Any CPU
		{704DD9D1-B6F4-4CAB-B34C-E134692E5F7D}.Debug|Any CPU.Build.0 = Debug|Any CPU
		{704DD9D1-B6F4-4CAB-B34C-E134692E5F7D}.Release|Any CPU.ActiveCfg = Release|Any CPU
		{704DD9D1-B6F4-4CAB-B34C-E134692E5F7D}.Release|Any CPU.Build.0 = Release|Any CPU
		{CBD4F70A-E684-4F9B-A596-A118414B288F}.Debug|Any CPU.ActiveCfg = Debug|Any CPU
		{CBD4F70A-E684-4F9B-A596-A118414B288F}.Debug|Any CPU.Build.0 = Debug|Any CPU
		{CBD4F70A-E684-4F9B-A596-A118414B288F}.Release|Any CPU.ActiveCfg = Release|Any CPU
		{CBD4F70A-E684-4F9B-A596-A118414B288F}.Release|Any CPU.Build.0 = Release|Any CPU
	EndGlobalSection
	GlobalSection(SolutionProperties) = preSolution
		HideSolutionNode = FALSE
	EndGlobalSection
	GlobalSection(NestedProjects) = preSolution
		{00D1C52F-220A-41CF-B8CF-8B404B9889E1} = {48C94724-B5D8-4F55-BF27-4D27EF1C2A45}
		{603AEBC6-4998-4939-8AF1-2C5F26DF4E4A} = {DF9F0CF0-4E94-4B77-B4BB-EAB2A971C5CB}
		{AF34EE3F-EE43-480F-A887-912EB97C31D8} = {DF9F0CF0-4E94-4B77-B4BB-EAB2A971C5CB}
		{2177436A-CBE1-49F5-B46E-B7A3015412D0} = {A0B00897-4710-46FB-B6F8-B78BEECEF378}
		{05842513-29AF-4EBA-8A9B-2B81703D7BD5} = {A0B00897-4710-46FB-B6F8-B78BEECEF378}
		{B55B5E03-1098-494B-888F-9066ABCB7305} = {A0B00897-4710-46FB-B6F8-B78BEECEF378}
		{D07F2B0F-27D0-4061-AABC-D4E3B2FCE2F7} = {FDEC279B-3A06-4612-B155-F90BC33DE124}
		{E8DEFA34-F6DE-4124-9AE3-951222A0E7D6} = {FDEC279B-3A06-4612-B155-F90BC33DE124}
		{C30E86DD-9E84-41AA-96B1-992B70ACF2A6} = {FDEC279B-3A06-4612-B155-F90BC33DE124}
		{B9493751-4D4A-4419-B1EE-A9DDE7A7D26A} = {CD4C3382-754E-4FD3-B819-152CFA105299}
		{7F849CD5-AD7F-476E-BC07-54381111CD7E} = {2ECFF6F1-FF17-41EF-9E68-EA30761D18CC}
		{21581B92-53D7-4A54-9160-44D052F4170F} = {2ECFF6F1-FF17-41EF-9E68-EA30761D18CC}
		{704DD9D1-B6F4-4CAB-B34C-E134692E5F7D} = {21581B92-53D7-4A54-9160-44D052F4170F}
		{CBD4F70A-E684-4F9B-A596-A118414B288F} = {21581B92-53D7-4A54-9160-44D052F4170F}
	EndGlobalSection
EndGlobal
